<?xml version="1.0" encoding="utf-8"?>
<Project ToolsVersion="4.0" xmlns="http://schemas.microsoft.com/developer/msbuild/2003">
  <ItemGroup>
    <Filter Include="Ladoo">
      <UniqueIdentifier>{542F950D-C043-BDBE-89C5-601EF598B9EF}</UniqueIdentifier>
    </Filter>
    <Filter Include="Ladoo\Events">
      <UniqueIdentifier>{B8D419BB-A437-A95F-4DBD-E11539FF74E2}</UniqueIdentifier>
    </Filter>
    <Filter Include="Platform">
      <UniqueIdentifier>{2AC788B4-1694-E3BF-3FAD-D1672BD9184E}</UniqueIdentifier>
    </Filter>
    <Filter Include="Platform\Windows">
      <UniqueIdentifier>{64FBD71A-50F4-F66C-7926-DCF1657ED678}</UniqueIdentifier>
    </Filter>
  </ItemGroup>
  <ItemGroup>
    <ClInclude Include="src\Ladoo.h" />
    <ClInclude Include="src\Ladoo\Application.h">
      <Filter>Ladoo</Filter>
    </ClInclude>
    <ClInclude Include="src\Ladoo\Core.h">
      <Filter>Ladoo</Filter>
    </ClInclude>
    <ClInclude Include="src\Ladoo\EntryPoint.h">
      <Filter>Ladoo</Filter>
    </ClInclude>
    <ClInclude Include="src\Ladoo\Events\ApplicationEvent.h">
      <Filter>Ladoo\Events</Filter>
    </ClInclude>
    <ClInclude Include="src\Ladoo\Events\Event.h">
      <Filter>Ladoo\Events</Filter>
    </ClInclude>
    <ClInclude Include="src\Ladoo\Events\KeyEvent.h">
      <Filter>Ladoo\Events</Filter>
    </ClInclude>
    <ClInclude Include="src\Ladoo\Events\MouseEvent.h">
      <Filter>Ladoo\Events</Filter>
    </ClInclude>
    <ClInclude Include="src\Ladoo\Layer.h">
      <Filter>Ladoo</Filter>
    </ClInclude>
    <ClInclude Include="src\Ladoo\LayerStack.h">
      <Filter>Ladoo</Filter>
    </ClInclude>
    <ClInclude Include="src\Ladoo\Log.h">
      <Filter>Ladoo</Filter>
    </ClInclude>
    <ClInclude Include="src\Ladoo\Window.h">
      <Filter>Ladoo</Filter>
    </ClInclude>
    <ClInclude Include="src\Platform\Windows\WindowsWindow.h">
      <Filter>Platform\Windows</Filter>
    </ClInclude>
    <ClInclude Include="src\ldpch.h" />
  </ItemGroup>
  <ItemGroup>
    <ClCompile Include="src\Ladoo\Application.cpp">
      <Filter>Ladoo</Filter>
    </ClCompile>
    <ClCompile Include="src\Ladoo\Layer.cpp">
      <Filter>Ladoo</Filter>
    </ClCompile>
    <ClCompile Include="src\Ladoo\LayerStack.cpp">
      <Filter>Ladoo</Filter>
    </ClCompile>
    <ClCompile Include="src\Ladoo\Log.cpp">
      <Filter>Ladoo</Filter>
    </ClCompile>
    <ClCompile Include="src\Platform\Windows\WindowsWindow.cpp">
      <Filter>Platform\Windows</Filter>
    </ClCompile>
    <ClCompile Include="src\ldpch.cpp" />
  </ItemGroup>
</Project>