<?xml version="1.0" encoding="utf-8"?>
<Project ToolsVersion="4.0" xmlns="http://schemas.microsoft.com/developer/msbuild/2003">
  <ItemGroup>
    <Filter Include="Ladoo">
      <UniqueIdentifier>{542F950D-C043-BDBE-89C5-601EF598B9EF}</UniqueIdentifier>
    </Filter>
    <Filter Include="Ladoo\Events">
      <UniqueIdentifier>{B8D419BB-A437-A95F-4DBD-E11539FF74E2}</UniqueIdentifier>
    </Filter>
  </ItemGroup>
  <ItemGroup>
    <ClInclude Include="src\Ladoo.h" />
    <ClInclude Include="src\Ladoo\Application.h">
      <Filter>Ladoo</Filter>
    </ClInclude>
    <ClInclude Include="src\Ladoo\Core.h">
      <Filter>Ladoo</Filter>
    </ClInclude>
    <ClInclude Include="src\Ladoo\EntryPoint.h">
      <Filter>Ladoo</Filter>
    </ClInclude>
    <ClInclude Include="src\Ladoo\Events\ApplicationEvent.h">
      <Filter>Ladoo\Events</Filter>
    </ClInclude>
    <ClInclude Include="src\Ladoo\Events\Event.h">
      <Filter>Ladoo\Events</Filter>
    </ClInclude>
    <ClInclude Include="src\Ladoo\Events\KeyEvent.h">
      <Filter>Ladoo\Events</Filter>
    </ClInclude>
    <ClInclude Include="src\Ladoo\Events\MouseEvent.h">
      <Filter>Ladoo\Events</Filter>
    </ClInclude>
    <ClInclude Include="src\Ladoo\Log.h">
      <Filter>Ladoo</Filter>
    </ClInclude>
  </ItemGroup>
  <ItemGroup>
    <ClCompile Include="src\Ladoo\Application.cpp">
      <Filter>Ladoo</Filter>
    </ClCompile>
    <ClCompile Include="src\Ladoo\Log.cpp">
      <Filter>Ladoo</Filter>
    </ClCompile>
  </ItemGroup>
</Project>